
Microsoft Visual Studio Solution File, Format Version 12.00
# Visual Studio 15
VisualStudioVersion = 15.0.27428.2043
MinimumVisualStudioVersion = 10.0.40219.1
Project("{9A19103F-16F7-4668-BE54-9A1E7A4F7556}") = "Feedback-Server", "Feedback-Server\Feedback-Server.csproj", "{959B37FD-0E17-4BE6-871B-A3818ED9D7A9}"
EndProject
Global
	GlobalSection(SolutionConfigurationPlatforms) = preSolution
		Debug|Any CPU = Debug|Any CPU
		Release|Any CPU = Release|Any CPU
	EndGlobalSection
	GlobalSection(ProjectConfigurationPlatforms) = postSolution
		{959B37FD-0E17-4BE6-871B-A3818ED9D7A9}.Debug|Any CPU.ActiveCfg = Debug|Any CPU
		{959B37FD-0E17-4BE6-871B-A3818ED9D7A9}.Debug|Any CPU.Build.0 = Debug|Any CPU
		{959B37FD-0E17-4BE6-871B-A3818ED9D7A9}.Release|Any CPU.ActiveCfg = Release|Any CPU
		{959B37FD-0E17-4BE6-871B-A3818ED9D7A9}.Release|Any CPU.Build.0 = Release|Any CPU
	EndGlobalSection
	GlobalSection(SolutionProperties) = preSolution
		HideSolutionNode = FALSE
	EndGlobalSection
	GlobalSection(ExtensibilityGlobals) = postSolution
		SolutionGuid = {90896BEE-B3A0-4B6E-A29F-50BD0ACD7D39}
	EndGlobalSection
EndGlobal
